
Microsoft Visual Studio Solution File, Format Version 12.00
# Visual Studio Version 16
VisualStudioVersion = 16.0.28729.10
MinimumVisualStudioVersion = 10.0.40219.1
Project("{9A19103F-16F7-4668-BE54-9A1E7A4F7556}") = "ModelTest", "ExoTest\ModelTest.csproj", "{4F2581AA-B51C-4B1E-8ABD-1F4A5EDCA31F}"
EndProject
Project("{9A19103F-16F7-4668-BE54-9A1E7A4F7556}") = "Application", "Application\Application.csproj", "{32BF6DEF-AFB0-4D24-A084-6F492372774E}"
EndProject
Project("{9A19103F-16F7-4668-BE54-9A1E7A4F7556}") = "Commun", "Commun\Commun.csproj", "{A8F522EB-5084-4509-8AA2-57A2244DAFC3}"
EndProject
Project("{9A19103F-16F7-4668-BE54-9A1E7A4F7556}") = "ApplicationTest", "ApplicationTest\ApplicationTest.csproj", "{7B61DCF4-D639-4D8B-AD9B-B76B6B049EEA}"
EndProject
Project("{9A19103F-16F7-4668-BE54-9A1E7A4F7556}") = "Model", "Model\Model.csproj", "{C0D4B2C3-3769-4365-8312-EDEDAB40927E}"
EndProject
Global
	GlobalSection(SolutionConfigurationPlatforms) = preSolution
		Debug|Any CPU = Debug|Any CPU
		Release|Any CPU = Release|Any CPU
	EndGlobalSection
	GlobalSection(ProjectConfigurationPlatforms) = postSolution
		{4F2581AA-B51C-4B1E-8ABD-1F4A5EDCA31F}.Debug|Any CPU.ActiveCfg = Debug|Any CPU
		{4F2581AA-B51C-4B1E-8ABD-1F4A5EDCA31F}.Debug|Any CPU.Build.0 = Debug|Any CPU
		{4F2581AA-B51C-4B1E-8ABD-1F4A5EDCA31F}.Release|Any CPU.ActiveCfg = Release|Any CPU
		{4F2581AA-B51C-4B1E-8ABD-1F4A5EDCA31F}.Release|Any CPU.Build.0 = Release|Any CPU
		{32BF6DEF-AFB0-4D24-A084-6F492372774E}.Debug|Any CPU.ActiveCfg = Debug|Any CPU
		{32BF6DEF-AFB0-4D24-A084-6F492372774E}.Debug|Any CPU.Build.0 = Debug|Any CPU
		{32BF6DEF-AFB0-4D24-A084-6F492372774E}.Release|Any CPU.ActiveCfg = Release|Any CPU
		{32BF6DEF-AFB0-4D24-A084-6F492372774E}.Release|Any CPU.Build.0 = Release|Any CPU
		{A8F522EB-5084-4509-8AA2-57A2244DAFC3}.Debug|Any CPU.ActiveCfg = Debug|Any CPU
		{A8F522EB-5084-4509-8AA2-57A2244DAFC3}.Debug|Any CPU.Build.0 = Debug|Any CPU
		{A8F522EB-5084-4509-8AA2-57A2244DAFC3}.Release|Any CPU.ActiveCfg = Release|Any CPU
		{A8F522EB-5084-4509-8AA2-57A2244DAFC3}.Release|Any CPU.Build.0 = Release|Any CPU
		{7B61DCF4-D639-4D8B-AD9B-B76B6B049EEA}.Debug|Any CPU.ActiveCfg = Debug|Any CPU
		{7B61DCF4-D639-4D8B-AD9B-B76B6B049EEA}.Debug|Any CPU.Build.0 = Debug|Any CPU
		{7B61DCF4-D639-4D8B-AD9B-B76B6B049EEA}.Release|Any CPU.ActiveCfg = Release|Any CPU
		{7B61DCF4-D639-4D8B-AD9B-B76B6B049EEA}.Release|Any CPU.Build.0 = Release|Any CPU
		{C0D4B2C3-3769-4365-8312-EDEDAB40927E}.Debug|Any CPU.ActiveCfg = Debug|Any CPU
		{C0D4B2C3-3769-4365-8312-EDEDAB40927E}.Debug|Any CPU.Build.0 = Debug|Any CPU
		{C0D4B2C3-3769-4365-8312-EDEDAB40927E}.Release|Any CPU.ActiveCfg = Release|Any CPU
		{C0D4B2C3-3769-4365-8312-EDEDAB40927E}.Release|Any CPU.Build.0 = Release|Any CPU
	EndGlobalSection
	GlobalSection(SolutionProperties) = preSolution
		HideSolutionNode = FALSE
	EndGlobalSection
	GlobalSection(ExtensibilityGlobals) = postSolution
		SolutionGuid = {9DC177EB-E8A9-4100-B907-7A434CD0FCEC}
	EndGlobalSection
EndGlobal
